// !$*UTF8*$!
{
	archiveVersion = 1;
	classes = {
	};
	objectVersion = 50;
	objects = {

/* Begin PBXBuildFile section */
		3EDB349923045498009451C8 /* AppDelegate.swift in Sources */ = {isa = PBXBuildFile; fileRef = 3EDB349823045498009451C8 /* AppDelegate.swift */; };
		3EDB349B23045498009451C8 /* ViewController.swift in Sources */ = {isa = PBXBuildFile; fileRef = 3EDB349A23045498009451C8 /* ViewController.swift */; };
		3EDB349E23045498009451C8 /* Main.storyboard in Resources */ = {isa = PBXBuildFile; fileRef = 3EDB349C23045498009451C8 /* Main.storyboard */; };
		3EDB34A023045499009451C8 /* Assets.xcassets in Resources */ = {isa = PBXBuildFile; fileRef = 3EDB349F23045499009451C8 /* Assets.xcassets */; };
		3EDB34A323045499009451C8 /* LaunchScreen.storyboard in Resources */ = {isa = PBXBuildFile; fileRef = 3EDB34A123045499009451C8 /* LaunchScreen.storyboard */; };
		3EDB34AE2304549A009451C8 /* ProjectExampleTests.swift in Sources */ = {isa = PBXBuildFile; fileRef = 3EDB34AD2304549A009451C8 /* ProjectExampleTests.swift */; };
		3EDB34B32304549A009451C8 /* ProjectExample WatchKit App.app in Embed Watch Content */ = {isa = PBXBuildFile; fileRef = 3EDB34B22304549A009451C8 /* ProjectExample WatchKit App.app */; };
		3EDB34B92304549A009451C8 /* Interface.storyboard in Resources */ = {isa = PBXBuildFile; fileRef = 3EDB34B72304549A009451C8 /* Interface.storyboard */; };
		3EDB34BB2304549A009451C8 /* Assets.xcassets in Resources */ = {isa = PBXBuildFile; fileRef = 3EDB34BA2304549A009451C8 /* Assets.xcassets */; };
		3EDB34C22304549A009451C8 /* ProjectExample WatchKit Extension.appex in Embed App Extensions */ = {isa = PBXBuildFile; fileRef = 3EDB34C12304549A009451C8 /* ProjectExample WatchKit Extension.appex */; settings = {ATTRIBUTES = (RemoveHeadersOnCopy, ); }; };
		3EDB34C72304549A009451C8 /* InterfaceController.swift in Sources */ = {isa = PBXBuildFile; fileRef = 3EDB34C62304549A009451C8 /* InterfaceController.swift */; };
		3EDB34C92304549A009451C8 /* ExtensionDelegate.swift in Sources */ = {isa = PBXBuildFile; fileRef = 3EDB34C82304549A009451C8 /* ExtensionDelegate.swift */; };
		3EDB34CB2304549A009451C8 /* NotificationController.swift in Sources */ = {isa = PBXBuildFile; fileRef = 3EDB34CA2304549A009451C8 /* NotificationController.swift */; };
		3EDB34CD2304549B009451C8 /* Assets.xcassets in Resources */ = {isa = PBXBuildFile; fileRef = 3EDB34CC2304549B009451C8 /* Assets.xcassets */; };
/* End PBXBuildFile section */

/* Begin PBXContainerItemProxy section */
		3EDB34AA2304549A009451C8 /* PBXContainerItemProxy */ = {
			isa = PBXContainerItemProxy;
			containerPortal = 3EDB348D23045498009451C8 /* Project object */;
			proxyType = 1;
			remoteGlobalIDString = 3EDB349423045498009451C8;
			remoteInfo = ProjectExample;
		};
		3EDB34B42304549A009451C8 /* PBXContainerItemProxy */ = {
			isa = PBXContainerItemProxy;
			containerPortal = 3EDB348D23045498009451C8 /* Project object */;
			proxyType = 1;
			remoteGlobalIDString = 3EDB34B12304549A009451C8;
			remoteInfo = "ProjectExample WatchKit App";
		};
		3EDB34C32304549A009451C8 /* PBXContainerItemProxy */ = {
			isa = PBXContainerItemProxy;
			containerPortal = 3EDB348D23045498009451C8 /* Project object */;
			proxyType = 1;
			remoteGlobalIDString = 3EDB34C02304549A009451C8;
			remoteInfo = "ProjectExample WatchKit Extension";
		};
/* End PBXContainerItemProxy section */

/* Begin PBXCopyFilesBuildPhase section */
		3EDB34D52304549B009451C8 /* Embed App Extensions */ = {
			isa = PBXCopyFilesBuildPhase;
			buildActionMask = 2147483647;
			dstPath = "";
			dstSubfolderSpec = 13;
			files = (
				3EDB34C22304549A009451C8 /* ProjectExample WatchKit Extension.appex in Embed App Extensions */,
			);
			name = "Embed App Extensions";
			runOnlyForDeploymentPostprocessing = 0;
		};
		3EDB34D92304549B009451C8 /* Embed Watch Content */ = {
			isa = PBXCopyFilesBuildPhase;
			buildActionMask = 2147483647;
			dstPath = "$(CONTENTS_FOLDER_PATH)/Watch";
			dstSubfolderSpec = 16;
			files = (
				3EDB34B32304549A009451C8 /* ProjectExample WatchKit App.app in Embed Watch Content */,
			);
			name = "Embed Watch Content";
			runOnlyForDeploymentPostprocessing = 0;
		};
/* End PBXCopyFilesBuildPhase section */

/* Begin PBXFileReference section */
		3EDB349523045498009451C8 /* ProjectExample.app */ = {isa = PBXFileReference; explicitFileType = wrapper.application; includeInIndex = 0; path = ProjectExample.app; sourceTree = BUILT_PRODUCTS_DIR; };
		3EDB349823045498009451C8 /* AppDelegate.swift */ = {isa = PBXFileReference; lastKnownFileType = sourcecode.swift; path = AppDelegate.swift; sourceTree = "<group>"; };
		3EDB349A23045498009451C8 /* ViewController.swift */ = {isa = PBXFileReference; lastKnownFileType = sourcecode.swift; path = ViewController.swift; sourceTree = "<group>"; };
		3EDB349D23045498009451C8 /* Base */ = {isa = PBXFileReference; lastKnownFileType = file.storyboard; name = Base; path = Base.lproj/Main.storyboard; sourceTree = "<group>"; };
		3EDB349F23045499009451C8 /* Assets.xcassets */ = {isa = PBXFileReference; lastKnownFileType = folder.assetcatalog; path = Assets.xcassets; sourceTree = "<group>"; };
		3EDB34A223045499009451C8 /* Base */ = {isa = PBXFileReference; lastKnownFileType = file.storyboard; name = Base; path = Base.lproj/LaunchScreen.storyboard; sourceTree = "<group>"; };
		3EDB34A423045499009451C8 /* Info.plist */ = {isa = PBXFileReference; lastKnownFileType = text.plist.xml; path = Info.plist; sourceTree = "<group>"; };
		3EDB34A92304549A009451C8 /* ProjectExampleTests.xctest */ = {isa = PBXFileReference; explicitFileType = wrapper.cfbundle; includeInIndex = 0; path = ProjectExampleTests.xctest; sourceTree = BUILT_PRODUCTS_DIR; };
		3EDB34AD2304549A009451C8 /* ProjectExampleTests.swift */ = {isa = PBXFileReference; lastKnownFileType = sourcecode.swift; path = ProjectExampleTests.swift; sourceTree = "<group>"; };
		3EDB34AF2304549A009451C8 /* Info.plist */ = {isa = PBXFileReference; lastKnownFileType = text.plist.xml; path = Info.plist; sourceTree = "<group>"; };
		3EDB34B22304549A009451C8 /* ProjectExample WatchKit App.app */ = {isa = PBXFileReference; explicitFileType = wrapper.application; includeInIndex = 0; path = "ProjectExample WatchKit App.app"; sourceTree = BUILT_PRODUCTS_DIR; };
		3EDB34B82304549A009451C8 /* Base */ = {isa = PBXFileReference; lastKnownFileType = file.storyboard; name = Base; path = Base.lproj/Interface.storyboard; sourceTree = "<group>"; };
		3EDB34BA2304549A009451C8 /* Assets.xcassets */ = {isa = PBXFileReference; lastKnownFileType = folder.assetcatalog; path = Assets.xcassets; sourceTree = "<group>"; };
		3EDB34BC2304549A009451C8 /* Info.plist */ = {isa = PBXFileReference; lastKnownFileType = text.plist.xml; path = Info.plist; sourceTree = "<group>"; };
		3EDB34C12304549A009451C8 /* ProjectExample WatchKit Extension.appex */ = {isa = PBXFileReference; explicitFileType = "wrapper.app-extension"; includeInIndex = 0; path = "ProjectExample WatchKit Extension.appex"; sourceTree = BUILT_PRODUCTS_DIR; };
		3EDB34C62304549A009451C8 /* InterfaceController.swift */ = {isa = PBXFileReference; lastKnownFileType = sourcecode.swift; path = InterfaceController.swift; sourceTree = "<group>"; };
		3EDB34C82304549A009451C8 /* ExtensionDelegate.swift */ = {isa = PBXFileReference; lastKnownFileType = sourcecode.swift; path = ExtensionDelegate.swift; sourceTree = "<group>"; };
		3EDB34CA2304549A009451C8 /* NotificationController.swift */ = {isa = PBXFileReference; lastKnownFileType = sourcecode.swift; path = NotificationController.swift; sourceTree = "<group>"; };
		3EDB34CC2304549B009451C8 /* Assets.xcassets */ = {isa = PBXFileReference; lastKnownFileType = folder.assetcatalog; path = Assets.xcassets; sourceTree = "<group>"; };
		3EDB34CE2304549B009451C8 /* Info.plist */ = {isa = PBXFileReference; lastKnownFileType = text.plist.xml; path = Info.plist; sourceTree = "<group>"; };
		3EDB34CF2304549B009451C8 /* PushNotificationPayload.apns */ = {isa = PBXFileReference; lastKnownFileType = text; path = PushNotificationPayload.apns; sourceTree = "<group>"; };
/* End PBXFileReference section */

/* Begin PBXFrameworksBuildPhase section */
		3EDB349223045498009451C8 /* Frameworks */ = {
			isa = PBXFrameworksBuildPhase;
			buildActionMask = 2147483647;
			files = (
			);
			runOnlyForDeploymentPostprocessing = 0;
		};
		3EDB34A62304549A009451C8 /* Frameworks */ = {
			isa = PBXFrameworksBuildPhase;
			buildActionMask = 2147483647;
			files = (
			);
			runOnlyForDeploymentPostprocessing = 0;
		};
		3EDB34BE2304549A009451C8 /* Frameworks */ = {
			isa = PBXFrameworksBuildPhase;
			buildActionMask = 2147483647;
			files = (
			);
			runOnlyForDeploymentPostprocessing = 0;
		};
/* End PBXFrameworksBuildPhase section */

/* Begin PBXGroup section */
		3EDB348C23045498009451C8 = {
			isa = PBXGroup;
			children = (
				3EDB349723045498009451C8 /* ProjectExample */,
				3EDB34AC2304549A009451C8 /* ProjectExampleTests */,
				3EDB34B62304549A009451C8 /* ProjectExample WatchKit App */,
				3EDB34C52304549A009451C8 /* ProjectExample WatchKit Extension */,
				3EDB349623045498009451C8 /* Products */,
			);
			sourceTree = "<group>";
		};
		3EDB349623045498009451C8 /* Products */ = {
			isa = PBXGroup;
			children = (
				3EDB349523045498009451C8 /* ProjectExample.app */,
				3EDB34A92304549A009451C8 /* ProjectExampleTests.xctest */,
				3EDB34B22304549A009451C8 /* ProjectExample WatchKit App.app */,
				3EDB34C12304549A009451C8 /* ProjectExample WatchKit Extension.appex */,
			);
			name = Products;
			sourceTree = "<group>";
		};
		3EDB349723045498009451C8 /* ProjectExample */ = {
			isa = PBXGroup;
			children = (
				3EDB349823045498009451C8 /* AppDelegate.swift */,
				3EDB349A23045498009451C8 /* ViewController.swift */,
				3EDB349C23045498009451C8 /* Main.storyboard */,
				3EDB349F23045499009451C8 /* Assets.xcassets */,
				3EDB34A123045499009451C8 /* LaunchScreen.storyboard */,
				3EDB34A423045499009451C8 /* Info.plist */,
			);
			path = ProjectExample;
			sourceTree = "<group>";
		};
		3EDB34AC2304549A009451C8 /* ProjectExampleTests */ = {
			isa = PBXGroup;
			children = (
				3EDB34AD2304549A009451C8 /* ProjectExampleTests.swift */,
				3EDB34AF2304549A009451C8 /* Info.plist */,
			);
			path = ProjectExampleTests;
			sourceTree = "<group>";
		};
		3EDB34B62304549A009451C8 /* ProjectExample WatchKit App */ = {
			isa = PBXGroup;
			children = (
				3EDB34B72304549A009451C8 /* Interface.storyboard */,
				3EDB34BA2304549A009451C8 /* Assets.xcassets */,
				3EDB34BC2304549A009451C8 /* Info.plist */,
			);
			path = "ProjectExample WatchKit App";
			sourceTree = "<group>";
		};
		3EDB34C52304549A009451C8 /* ProjectExample WatchKit Extension */ = {
			isa = PBXGroup;
			children = (
				3EDB34C62304549A009451C8 /* InterfaceController.swift */,
				3EDB34C82304549A009451C8 /* ExtensionDelegate.swift */,
				3EDB34CA2304549A009451C8 /* NotificationController.swift */,
				3EDB34CC2304549B009451C8 /* Assets.xcassets */,
				3EDB34CE2304549B009451C8 /* Info.plist */,
				3EDB34CF2304549B009451C8 /* PushNotificationPayload.apns */,
			);
			path = "ProjectExample WatchKit Extension";
			sourceTree = "<group>";
		};
/* End PBXGroup section */

/* Begin PBXNativeTarget section */
		3EDB349423045498009451C8 /* ProjectExample */ = {
			isa = PBXNativeTarget;
			buildConfigurationList = 3EDB34DA2304549B009451C8 /* Build configuration list for PBXNativeTarget "ProjectExample" */;
			buildPhases = (
				3EDB349123045498009451C8 /* Sources */,
				3EDB349223045498009451C8 /* Frameworks */,
				3EDB349323045498009451C8 /* Resources */,
				3EDB34D92304549B009451C8 /* Embed Watch Content */,
			);
			buildRules = (
			);
			dependencies = (
				3EDB34B52304549A009451C8 /* PBXTargetDependency */,
			);
			name = ProjectExample;
			productName = ProjectExample;
			productReference = 3EDB349523045498009451C8 /* ProjectExample.app */;
			productType = "com.apple.product-type.application";
		};
		3EDB34A82304549A009451C8 /* ProjectExampleTests */ = {
			isa = PBXNativeTarget;
			buildConfigurationList = 3EDB34DD2304549B009451C8 /* Build configuration list for PBXNativeTarget "ProjectExampleTests" */;
			buildPhases = (
				3EDB34A52304549A009451C8 /* Sources */,
				3EDB34A62304549A009451C8 /* Frameworks */,
				3EDB34A72304549A009451C8 /* Resources */,
			);
			buildRules = (
			);
			dependencies = (
				3EDB34AB2304549A009451C8 /* PBXTargetDependency */,
			);
			name = ProjectExampleTests;
			productName = ProjectExampleTests;
			productReference = 3EDB34A92304549A009451C8 /* ProjectExampleTests.xctest */;
			productType = "com.apple.product-type.bundle.unit-test";
		};
		3EDB34B12304549A009451C8 /* ProjectExample WatchKit App */ = {
			isa = PBXNativeTarget;
			buildConfigurationList = 3EDB34D62304549B009451C8 /* Build configuration list for PBXNativeTarget "ProjectExample WatchKit App" */;
			buildPhases = (
				3EDB34B02304549A009451C8 /* Resources */,
				3EDB34D52304549B009451C8 /* Embed App Extensions */,
			);
			buildRules = (
			);
			dependencies = (
				3EDB34C42304549A009451C8 /* PBXTargetDependency */,
			);
			name = "ProjectExample WatchKit App";
			productName = "ProjectExample WatchKit App";
			productReference = 3EDB34B22304549A009451C8 /* ProjectExample WatchKit App.app */;
			productType = "com.apple.product-type.application.watchapp2";
		};
		3EDB34C02304549A009451C8 /* ProjectExample WatchKit Extension */ = {
			isa = PBXNativeTarget;
			buildConfigurationList = 3EDB34D22304549B009451C8 /* Build configuration list for PBXNativeTarget "ProjectExample WatchKit Extension" */;
			buildPhases = (
				3EDB34BD2304549A009451C8 /* Sources */,
				3EDB34BE2304549A009451C8 /* Frameworks */,
				3EDB34BF2304549A009451C8 /* Resources */,
			);
			buildRules = (
			);
			dependencies = (
			);
			name = "ProjectExample WatchKit Extension";
			productName = "ProjectExample WatchKit Extension";
			productReference = 3EDB34C12304549A009451C8 /* ProjectExample WatchKit Extension.appex */;
			productType = "com.apple.product-type.watchkit2-extension";
		};
/* End PBXNativeTarget section */

/* Begin PBXProject section */
		3EDB348D23045498009451C8 /* Project object */ = {
			isa = PBXProject;
			attributes = {
				LastSwiftUpdateCheck = 1030;
				LastUpgradeCheck = 1030;
				ORGANIZATIONNAME = "Bogdan Vlad";
				TargetAttributes = {
					3EDB349423045498009451C8 = {
						CreatedOnToolsVersion = 10.3;
					};
					3EDB34A82304549A009451C8 = {
						CreatedOnToolsVersion = 10.3;
						TestTargetID = 3EDB349423045498009451C8;
					};
					3EDB34B12304549A009451C8 = {
						CreatedOnToolsVersion = 10.3;
					};
					3EDB34C02304549A009451C8 = {
						CreatedOnToolsVersion = 10.3;
					};
				};
			};
			buildConfigurationList = 3EDB349023045498009451C8 /* Build configuration list for PBXProject "ProjectExample" */;
			compatibilityVersion = "Xcode 9.3";
			developmentRegion = en;
			hasScannedForEncodings = 0;
			knownRegions = (
				en,
				Base,
			);
			mainGroup = 3EDB348C23045498009451C8;
			productRefGroup = 3EDB349623045498009451C8 /* Products */;
			projectDirPath = "";
			projectRoot = "";
			targets = (
				3EDB349423045498009451C8 /* ProjectExample */,
				3EDB34A82304549A009451C8 /* ProjectExampleTests */,
				3EDB34B12304549A009451C8 /* ProjectExample WatchKit App */,
				3EDB34C02304549A009451C8 /* ProjectExample WatchKit Extension */,
			);
		};
/* End PBXProject section */

/* Begin PBXResourcesBuildPhase section */
		3EDB349323045498009451C8 /* Resources */ = {
			isa = PBXResourcesBuildPhase;
			buildActionMask = 2147483647;
			files = (
				3EDB34A323045499009451C8 /* LaunchScreen.storyboard in Resources */,
				3EDB34A023045499009451C8 /* Assets.xcassets in Resources */,
				3EDB349E23045498009451C8 /* Main.storyboard in Resources */,
			);
			runOnlyForDeploymentPostprocessing = 0;
		};
		3EDB34A72304549A009451C8 /* Resources */ = {
			isa = PBXResourcesBuildPhase;
			buildActionMask = 2147483647;
			files = (
			);
			runOnlyForDeploymentPostprocessing = 0;
		};
		3EDB34B02304549A009451C8 /* Resources */ = {
			isa = PBXResourcesBuildPhase;
			buildActionMask = 2147483647;
			files = (
				3EDB34BB2304549A009451C8 /* Assets.xcassets in Resources */,
				3EDB34B92304549A009451C8 /* Interface.storyboard in Resources */,
			);
			runOnlyForDeploymentPostprocessing = 0;
		};
		3EDB34BF2304549A009451C8 /* Resources */ = {
			isa = PBXResourcesBuildPhase;
			buildActionMask = 2147483647;
			files = (
				3EDB34CD2304549B009451C8 /* Assets.xcassets in Resources */,
			);
			runOnlyForDeploymentPostprocessing = 0;
		};
/* End PBXResourcesBuildPhase section */

/* Begin PBXSourcesBuildPhase section */
		3EDB349123045498009451C8 /* Sources */ = {
			isa = PBXSourcesBuildPhase;
			buildActionMask = 2147483647;
			files = (
				3EDB349B23045498009451C8 /* ViewController.swift in Sources */,
				3EDB349923045498009451C8 /* AppDelegate.swift in Sources */,
			);
			runOnlyForDeploymentPostprocessing = 0;
		};
		3EDB34A52304549A009451C8 /* Sources */ = {
			isa = PBXSourcesBuildPhase;
			buildActionMask = 2147483647;
			files = (
				3EDB34AE2304549A009451C8 /* ProjectExampleTests.swift in Sources */,
			);
			runOnlyForDeploymentPostprocessing = 0;
		};
		3EDB34BD2304549A009451C8 /* Sources */ = {
			isa = PBXSourcesBuildPhase;
			buildActionMask = 2147483647;
			files = (
				3EDB34CB2304549A009451C8 /* NotificationController.swift in Sources */,
				3EDB34C92304549A009451C8 /* ExtensionDelegate.swift in Sources */,
				3EDB34C72304549A009451C8 /* InterfaceController.swift in Sources */,
			);
			runOnlyForDeploymentPostprocessing = 0;
		};
/* End PBXSourcesBuildPhase section */

/* Begin PBXTargetDependency section */
		3EDB34AB2304549A009451C8 /* PBXTargetDependency */ = {
			isa = PBXTargetDependency;
			target = 3EDB349423045498009451C8 /* ProjectExample */;
			targetProxy = 3EDB34AA2304549A009451C8 /* PBXContainerItemProxy */;
		};
		3EDB34B52304549A009451C8 /* PBXTargetDependency */ = {
			isa = PBXTargetDependency;
			target = 3EDB34B12304549A009451C8 /* ProjectExample WatchKit App */;
			targetProxy = 3EDB34B42304549A009451C8 /* PBXContainerItemProxy */;
		};
		3EDB34C42304549A009451C8 /* PBXTargetDependency */ = {
			isa = PBXTargetDependency;
			target = 3EDB34C02304549A009451C8 /* ProjectExample WatchKit Extension */;
			targetProxy = 3EDB34C32304549A009451C8 /* PBXContainerItemProxy */;
		};
/* End PBXTargetDependency section */

/* Begin PBXVariantGroup section */
		3EDB349C23045498009451C8 /* Main.storyboard */ = {
			isa = PBXVariantGroup;
			children = (
				3EDB349D23045498009451C8 /* Base */,
			);
			name = Main.storyboard;
			sourceTree = "<group>";
		};
		3EDB34A123045499009451C8 /* LaunchScreen.storyboard */ = {
			isa = PBXVariantGroup;
			children = (
				3EDB34A223045499009451C8 /* Base */,
			);
			name = LaunchScreen.storyboard;
			sourceTree = "<group>";
		};
		3EDB34B72304549A009451C8 /* Interface.storyboard */ = {
			isa = PBXVariantGroup;
			children = (
				3EDB34B82304549A009451C8 /* Base */,
			);
			name = Interface.storyboard;
			sourceTree = "<group>";
		};
/* End PBXVariantGroup section */

/* Begin XCBuildConfiguration section */
		3EDB34D02304549B009451C8 /* Debug */ = {
			isa = XCBuildConfiguration;
			buildSettings = {
				ALWAYS_SEARCH_USER_PATHS = NO;
				CLANG_ANALYZER_NONNULL = YES;
				CLANG_ANALYZER_NUMBER_OBJECT_CONVERSION = YES_AGGRESSIVE;
				CLANG_CXX_LANGUAGE_STANDARD = "gnu++14";
				CLANG_CXX_LIBRARY = "libc++";
				CLANG_ENABLE_MODULES = YES;
				CLANG_ENABLE_OBJC_ARC = YES;
				CLANG_ENABLE_OBJC_WEAK = YES;
				CLANG_WARN_BLOCK_CAPTURE_AUTORELEASING = YES;
				CLANG_WARN_BOOL_CONVERSION = YES;
				CLANG_WARN_COMMA = YES;
				CLANG_WARN_CONSTANT_CONVERSION = YES;
				CLANG_WARN_DEPRECATED_OBJC_IMPLEMENTATIONS = YES;
				CLANG_WARN_DIRECT_OBJC_ISA_USAGE = YES_ERROR;
				CLANG_WARN_DOCUMENTATION_COMMENTS = YES;
				CLANG_WARN_EMPTY_BODY = YES;
				CLANG_WARN_ENUM_CONVERSION = YES;
				CLANG_WARN_INFINITE_RECURSION = YES;
				CLANG_WARN_INT_CONVERSION = YES;
				CLANG_WARN_NON_LITERAL_NULL_CONVERSION = YES;
				CLANG_WARN_OBJC_IMPLICIT_RETAIN_SELF = YES;
				CLANG_WARN_OBJC_LITERAL_CONVERSION = YES;
				CLANG_WARN_OBJC_ROOT_CLASS = YES_ERROR;
				CLANG_WARN_RANGE_LOOP_ANALYSIS = YES;
				CLANG_WARN_STRICT_PROTOTYPES = YES;
				CLANG_WARN_SUSPICIOUS_MOVE = YES;
				CLANG_WARN_UNGUARDED_AVAILABILITY = YES_AGGRESSIVE;
				CLANG_WARN_UNREACHABLE_CODE = YES;
				CLANG_WARN__DUPLICATE_METHOD_MATCH = YES;
				CODE_SIGN_IDENTITY = "iPhone Developer";
				COPY_PHASE_STRIP = NO;
				DEBUG_INFORMATION_FORMAT = dwarf;
				ENABLE_STRICT_OBJC_MSGSEND = YES;
				ENABLE_TESTABILITY = YES;
				GCC_C_LANGUAGE_STANDARD = gnu11;
				GCC_DYNAMIC_NO_PIC = NO;
				GCC_NO_COMMON_BLOCKS = YES;
				GCC_OPTIMIZATION_LEVEL = 0;
				GCC_PREPROCESSOR_DEFINITIONS = (
					"DEBUG=1",
					"$(inherited)",
				);
				GCC_WARN_64_TO_32_BIT_CONVERSION = YES;
				GCC_WARN_ABOUT_RETURN_TYPE = YES_ERROR;
				GCC_WARN_UNDECLARED_SELECTOR = YES;
				GCC_WARN_UNINITIALIZED_AUTOS = YES_AGGRESSIVE;
				GCC_WARN_UNUSED_FUNCTION = YES;
				GCC_WARN_UNUSED_VARIABLE = YES;
				IPHONEOS_DEPLOYMENT_TARGET = 12.4;
				MTL_ENABLE_DEBUG_INFO = INCLUDE_SOURCE;
				MTL_FAST_MATH = YES;
				ONLY_ACTIVE_ARCH = YES;
				SDKROOT = iphoneos;
				SWIFT_ACTIVE_COMPILATION_CONDITIONS = DEBUG;
				SWIFT_OPTIMIZATION_LEVEL = "-Onone";
			};
			name = Debug;
		};
		3EDB34D12304549B009451C8 /* Release */ = {
			isa = XCBuildConfiguration;
			buildSettings = {
				ALWAYS_SEARCH_USER_PATHS = NO;
				CLANG_ANALYZER_NONNULL = YES;
				CLANG_ANALYZER_NUMBER_OBJECT_CONVERSION = YES_AGGRESSIVE;
				CLANG_CXX_LANGUAGE_STANDARD = "gnu++14";
				CLANG_CXX_LIBRARY = "libc++";
				CLANG_ENABLE_MODULES = YES;
				CLANG_ENABLE_OBJC_ARC = YES;
				CLANG_ENABLE_OBJC_WEAK = YES;
				CLANG_WARN_BLOCK_CAPTURE_AUTORELEASING = YES;
				CLANG_WARN_BOOL_CONVERSION = YES;
				CLANG_WARN_COMMA = YES;
				CLANG_WARN_CONSTANT_CONVERSION = YES;
				CLANG_WARN_DEPRECATED_OBJC_IMPLEMENTATIONS = YES;
				CLANG_WARN_DIRECT_OBJC_ISA_USAGE = YES_ERROR;
				CLANG_WARN_DOCUMENTATION_COMMENTS = YES;
				CLANG_WARN_EMPTY_BODY = YES;
				CLANG_WARN_ENUM_CONVERSION = YES;
				CLANG_WARN_INFINITE_RECURSION = YES;
				CLANG_WARN_INT_CONVERSION = YES;
				CLANG_WARN_NON_LITERAL_NULL_CONVERSION = YES;
				CLANG_WARN_OBJC_IMPLICIT_RETAIN_SELF = YES;
				CLANG_WARN_OBJC_LITERAL_CONVERSION = YES;
				CLANG_WARN_OBJC_ROOT_CLASS = YES_ERROR;
				CLANG_WARN_RANGE_LOOP_ANALYSIS = YES;
				CLANG_WARN_STRICT_PROTOTYPES = YES;
				CLANG_WARN_SUSPICIOUS_MOVE = YES;
				CLANG_WARN_UNGUARDED_AVAILABILITY = YES_AGGRESSIVE;
				CLANG_WARN_UNREACHABLE_CODE = YES;
				CLANG_WARN__DUPLICATE_METHOD_MATCH = YES;
				CODE_SIGN_IDENTITY = "iPhone Developer";
				COPY_PHASE_STRIP = NO;
				DEBUG_INFORMATION_FORMAT = "dwarf-with-dsym";
				ENABLE_NS_ASSERTIONS = NO;
				ENABLE_STRICT_OBJC_MSGSEND = YES;
				GCC_C_LANGUAGE_STANDARD = gnu11;
				GCC_NO_COMMON_BLOCKS = YES;
				GCC_WARN_64_TO_32_BIT_CONVERSION = YES;
				GCC_WARN_ABOUT_RETURN_TYPE = YES_ERROR;
				GCC_WARN_UNDECLARED_SELECTOR = YES;
				GCC_WARN_UNINITIALIZED_AUTOS = YES_AGGRESSIVE;
				GCC_WARN_UNUSED_FUNCTION = YES;
				GCC_WARN_UNUSED_VARIABLE = YES;
				IPHONEOS_DEPLOYMENT_TARGET = 12.4;
				MTL_ENABLE_DEBUG_INFO = NO;
				MTL_FAST_MATH = YES;
				SDKROOT = iphoneos;
				SWIFT_COMPILATION_MODE = wholemodule;
				SWIFT_OPTIMIZATION_LEVEL = "-O";
				VALIDATE_PRODUCT = YES;
			};
			name = Release;
		};
		3EDB34D32304549B009451C8 /* Debug */ = {
			isa = XCBuildConfiguration;
			buildSettings = {
				ASSETCATALOG_COMPILER_COMPLICATION_NAME = Complication;
				CODE_SIGN_STYLE = Automatic;
				DEVELOPMENT_TEAM = 57VL2JQFE8;
				INFOPLIST_FILE = "ProjectExample WatchKit Extension/Info.plist";
				LD_RUNPATH_SEARCH_PATHS = (
					"$(inherited)",
					"@executable_path/Frameworks",
					"@executable_path/../../Frameworks",
				);
				PRODUCT_BUNDLE_IDENTIFIER = bogdan.vlad.ProjectExample.watchkitapp.watchkitextension;
				PRODUCT_NAME = "${TARGET_NAME}";
				SDKROOT = watchos;
				SKIP_INSTALL = YES;
				SWIFT_VERSION = 5.0;
				TARGETED_DEVICE_FAMILY = 4;
				WATCHOS_DEPLOYMENT_TARGET = 5.3;
			};
			name = Debug;
		};
		3EDB34D42304549B009451C8 /* Release */ = {
			isa = XCBuildConfiguration;
			buildSettings = {
				ASSETCATALOG_COMPILER_COMPLICATION_NAME = Complication;
				CODE_SIGN_STYLE = Automatic;
				DEVELOPMENT_TEAM = 57VL2JQFE8;
				INFOPLIST_FILE = "ProjectExample WatchKit Extension/Info.plist";
				LD_RUNPATH_SEARCH_PATHS = (
					"$(inherited)",
					"@executable_path/Frameworks",
					"@executable_path/../../Frameworks",
				);
				PRODUCT_BUNDLE_IDENTIFIER = bogdan.vlad.ProjectExample.watchkitapp.watchkitextension;
				PRODUCT_NAME = "${TARGET_NAME}";
				SDKROOT = watchos;
				SKIP_INSTALL = YES;
				SWIFT_VERSION = 5.0;
				TARGETED_DEVICE_FAMILY = 4;
				WATCHOS_DEPLOYMENT_TARGET = 5.3;
			};
			name = Release;
		};
		3EDB34D72304549B009451C8 /* Debug */ = {
			isa = XCBuildConfiguration;
			buildSettings = {
				ALWAYS_EMBED_SWIFT_STANDARD_LIBRARIES = YES;
				ASSETCATALOG_COMPILER_APPICON_NAME = AppIcon;
				CODE_SIGN_STYLE = Automatic;
				DEVELOPMENT_TEAM = 57VL2JQFE8;
				IBSC_MODULE = ProjectExample_WatchKit_Extension;
				INFOPLIST_FILE = "ProjectExample WatchKit App/Info.plist";
				PRODUCT_BUNDLE_IDENTIFIER = bogdan.vlad.ProjectExample.watchkitapp;
				PRODUCT_NAME = "$(TARGET_NAME)";
				SDKROOT = watchos;
				SKIP_INSTALL = YES;
				SWIFT_VERSION = 5.0;
				TARGETED_DEVICE_FAMILY = 4;
				WATCHOS_DEPLOYMENT_TARGET = 5.3;
			};
			name = Debug;
		};
		3EDB34D82304549B009451C8 /* Release */ = {
			isa = XCBuildConfiguration;
			buildSettings = {
				ALWAYS_EMBED_SWIFT_STANDARD_LIBRARIES = YES;
				ASSETCATALOG_COMPILER_APPICON_NAME = AppIcon;
				CODE_SIGN_STYLE = Automatic;
				DEVELOPMENT_TEAM = 57VL2JQFE8;
				IBSC_MODULE = ProjectExample_WatchKit_Extension;
				INFOPLIST_FILE = "ProjectExample WatchKit App/Info.plist";
				PRODUCT_BUNDLE_IDENTIFIER = bogdan.vlad.ProjectExample.watchkitapp;
				PRODUCT_NAME = "$(TARGET_NAME)";
				SDKROOT = watchos;
				SKIP_INSTALL = YES;
				SWIFT_VERSION = 5.0;
				TARGETED_DEVICE_FAMILY = 4;
				WATCHOS_DEPLOYMENT_TARGET = 5.3;
			};
			name = Release;
		};
		3EDB34DB2304549B009451C8 /* Debug */ = {
			isa = XCBuildConfiguration;
			buildSettings = {
				ASSETCATALOG_COMPILER_APPICON_NAME = AppIcon;
				CODE_SIGN_STYLE = Automatic;
				DEVELOPMENT_TEAM = 57VL2JQFE8;
				INFOPLIST_FILE = ProjectExample/Info.plist;
				LD_RUNPATH_SEARCH_PATHS = (
					"$(inherited)",
					"@executable_path/Frameworks",
				);
				PRODUCT_BUNDLE_IDENTIFIER = bogdan.vlad.ProjectExample;
				PRODUCT_NAME = "$(TARGET_NAME)";
				SWIFT_VERSION = 5.0;
				TARGETED_DEVICE_FAMILY = "1,2";
			};
			name = Debug;
		};
		3EDB34DC2304549B009451C8 /* Release */ = {
			isa = XCBuildConfiguration;
			buildSettings = {
				ASSETCATALOG_COMPILER_APPICON_NAME = AppIcon;
				CODE_SIGN_STYLE = Automatic;
				DEVELOPMENT_TEAM = 57VL2JQFE8;
				INFOPLIST_FILE = ProjectExample/Info.plist;
				LD_RUNPATH_SEARCH_PATHS = (
					"$(inherited)",
					"@executable_path/Frameworks",
				);
				PRODUCT_BUNDLE_IDENTIFIER = bogdan.vlad.ProjectExample;
				PRODUCT_NAME = "$(TARGET_NAME)";
				SWIFT_VERSION = 5.0;
				TARGETED_DEVICE_FAMILY = "1,2";
			};
			name = Release;
		};
		3EDB34DE2304549B009451C8 /* Debug */ = {
			isa = XCBuildConfiguration;
			buildSettings = {
				ALWAYS_EMBED_SWIFT_STANDARD_LIBRARIES = YES;
				BUNDLE_LOADER = "$(TEST_HOST)";
				CODE_SIGN_STYLE = Automatic;
				DEVELOPMENT_TEAM = 57VL2JQFE8;
				INFOPLIST_FILE = ProjectExampleTests/Info.plist;
				LD_RUNPATH_SEARCH_PATHS = (
					"$(inherited)",
					"@executable_path/Frameworks",
					"@loader_path/Frameworks",
				);
				PRODUCT_BUNDLE_IDENTIFIER = bogdan.vlad.ProjectExampleTests;
				PRODUCT_NAME = "$(TARGET_NAME)";
				SWIFT_VERSION = 5.0;
				TARGETED_DEVICE_FAMILY = "1,2";
				TEST_HOST = "$(BUILT_PRODUCTS_DIR)/ProjectExample.app/ProjectExample";
			};
			name = Debug;
		};
		3EDB34DF2304549B009451C8 /* Release */ = {
			isa = XCBuildConfiguration;
			buildSettings = {
				ALWAYS_EMBED_SWIFT_STANDARD_LIBRARIES = YES;
				BUNDLE_LOADER = "$(TEST_HOST)";
				CODE_SIGN_STYLE = Automatic;
				DEVELOPMENT_TEAM = 57VL2JQFE8;
				INFOPLIST_FILE = ProjectExampleTests/Info.plist;
				LD_RUNPATH_SEARCH_PATHS = (
					"$(inherited)",
					"@executable_path/Frameworks",
					"@loader_path/Frameworks",
				);
				PRODUCT_BUNDLE_IDENTIFIER = bogdan.vlad.ProjectExampleTests;
				PRODUCT_NAME = "$(TARGET_NAME)";
				SWIFT_VERSION = 5.0;
				TARGETED_DEVICE_FAMILY = "1,2";
				TEST_HOST = "$(BUILT_PRODUCTS_DIR)/ProjectExample.app/ProjectExample";
			};
			name = Release;
		};
/* End XCBuildConfiguration section */

/* Begin XCConfigurationList section */
		3EDB349023045498009451C8 /* Build configuration list for PBXProject "ProjectExample" */ = {
			isa = XCConfigurationList;
			buildConfigurations = (
				3EDB34D02304549B009451C8 /* Debug */,
				3EDB34D12304549B009451C8 /* Release */,
			);
			defaultConfigurationIsVisible = 0;
			defaultConfigurationName = Release;
		};
		3EDB34D22304549B009451C8 /* Build configuration list for PBXNativeTarget "ProjectExample WatchKit Extension" */ = {
			isa = XCConfigurationList;
			buildConfigurations = (
				3EDB34D32304549B009451C8 /* Debug */,
				3EDB34D42304549B009451C8 /* Release */,
			);
			defaultConfigurationIsVisible = 0;
			defaultConfigurationName = Release;
		};
		3EDB34D62304549B009451C8 /* Build configuration list for PBXNativeTarget "ProjectExample WatchKit App" */ = {
			isa = XCConfigurationList;
			buildConfigurations = (
				3EDB34D72304549B009451C8 /* Debug */,
				3EDB34D82304549B009451C8 /* Release */,
			);
			defaultConfigurationIsVisible = 0;
			defaultConfigurationName = Release;
		};
		3EDB34DA2304549B009451C8 /* Build configuration list for PBXNativeTarget "ProjectExample" */ = {
			isa = XCConfigurationList;
			buildConfigurations = (
				3EDB34DB2304549B009451C8 /* Debug */,
				3EDB34DC2304549B009451C8 /* Release */,
			);
			defaultConfigurationIsVisible = 0;
			defaultConfigurationName = Release;
		};
		3EDB34DD2304549B009451C8 /* Build configuration list for PBXNativeTarget "ProjectExampleTests" */ = {
			isa = XCConfigurationList;
			buildConfigurations = (
				3EDB34DE2304549B009451C8 /* Debug */,
				3EDB34DF2304549B009451C8 /* Release */,
			);
			defaultConfigurationIsVisible = 0;
			defaultConfigurationName = Release;
		};
/* End XCConfigurationList section */
	};
	rootObject = 3EDB348D23045498009451C8 /* Project object */;
}
